{
  "meteor": {
    "git": "https://github.com/meteor/meteor.git",
    "branch": "master",
    "commit": "2d8b41a87cec884489ead138b5dfea31487363f3"
  },
  "dependencies": {
    "basePackages": {
      "router": {},
      "metrouicss": {
        "git": "https://github.com/gogromat/meteor-metro-ui",
        "branch": "master"
      },
      "bootstrap-jasny": {}
    },
    "packages": {
      "router": {
        "git": "https://github.com/tmeasday/meteor-router.git",
        "tag": "v0.3.5",
        "commit": "e8e63db2411204f0a6589b74dd591babbfb2da1a"
      },
      "metrouicss": {
        "git": "https://github.com/gogromat/meteor-metro-ui",
        "branch": "master",
        "commit": "432860979a5872605777be7c874356fa930ea860"
      },
      "bootstrap-jasny": {
        "git": "https://github.com/limeyd/meteor-bootstrap-jasny.git",
        "tag": "v1.0.1",
        "commit": "429bd66901e1af4d0a82437b0d0827224e0b37e7"
      },
      "page-js": {
        "git": "https://github.com/tmeasday/meteor-page-js.git",
        "tag": "v1.3.5",
        "commit": "c652f795a86498aa4609ab637a694710421cb218"
      }
    }
  }
}
